# THIS IS AN AUTOGENERATED FILE. DO NOT EDIT THIS FILE DIRECTLY.
# yarn lockfile v1


"@types/node@^20.10.6":
  "integrity" "sha512-Vac8H+NlRNNlAmDfGUP7b5h/KA+AtWIzuXy0E6OyP8f1tCLYAtPvKRRDJjAPqhpCb0t6U2j7/xqAuLEebW2kiw=="
  "resolved" "https://registry.npmjs.org/@types/node/-/node-20.10.6.tgz"
  "version" "20.10.6"
  dependencies:
    "undici-types" "~5.26.4"

"cross-spawn@^7.0.3":
  "integrity" "sha512-iRDPJKUPVEND7dHPO8rkbOnPpyDygcDFtWjpeWNCgy8WP2rXcxXL8TskReQl6OrB2G7+UJrags1q15Fudc7G6w=="
  "resolved" "https://registry.npmjs.org/cross-spawn/-/cross-spawn-7.0.3.tgz"
  "version" "7.0.3"
  dependencies:
    "path-key" "^3.1.0"
    "shebang-command" "^2.0.0"
    "which" "^2.0.1"

"duplexer@~0.1.1":
  "integrity" "sha512-jtD6YG370ZCIi/9GTaJKQxWTZD045+4R4hTk/x1UyoqadyJ9x9CgSi1RlVDQF8U2sxLLSnFkCaMihqljHIWgMg=="
  "resolved" "https://registry.npmjs.org/duplexer/-/duplexer-0.1.2.tgz"
  "version" "0.1.2"

"event-stream@=3.3.4":
  "integrity" "sha512-QHpkERcGsR0T7Qm3HNJSyXKEEj8AHNxkY3PK8TS2KJvQ7NiSHe3DDpwVKKtoYprL/AreyzFBeIkBIWChAqn60g=="
  "resolved" "https://registry.npmjs.org/event-stream/-/event-stream-3.3.4.tgz"
  "version" "3.3.4"
  dependencies:
    "duplexer" "~0.1.1"
    "from" "~0"
    "map-stream" "~0.1.0"
    "pause-stream" "0.0.11"
    "split" "0.3"
    "stream-combiner" "~0.0.4"
    "through" "~2.3.1"

"from@~0":
  "integrity" "sha512-twe20eF1OxVxp/ML/kq2p1uc6KvFK/+vs8WjEbeKmV2He22MKm7YF2ANIt+EOqhJ5L3K/SuuPhk0hWQDjOM23g=="
  "resolved" "https://registry.npmjs.org/from/-/from-0.1.7.tgz"
  "version" "0.1.7"

"isexe@^2.0.0":
  "integrity" "sha512-RHxMLp9lnKHGHRng9QFhRCMbYAcVpn69smSGcq3f36xjgVVWThj4qqLbTLlq7Ssj8B+fIQ1EuCEGI2lKsyQeIw=="
  "resolved" "https://registry.npmjs.org/isexe/-/isexe-2.0.0.tgz"
  "version" "2.0.0"

"map-stream@~0.1.0":
  "integrity" "sha512-CkYQrPYZfWnu/DAmVCpTSX/xHpKZ80eKh2lAkyA6AJTef6bW+6JpbQZN5rofum7da+SyN1bi5ctTm+lTfcCW3g=="
  "resolved" "https://registry.npmjs.org/map-stream/-/map-stream-0.1.0.tgz"
  "version" "0.1.0"

"node-cleanup@^2.1.2":
  "integrity" "sha512-qN8v/s2PAJwGUtr1/hYTpNKlD6Y9rc4p8KSmJXyGdYGZsDGKXrGThikLFP9OCHFeLeEpQzPwiAtdIvBLqm//Hw=="
  "resolved" "https://registry.npmjs.org/node-cleanup/-/node-cleanup-2.1.2.tgz"
  "version" "2.1.2"

"path-key@^3.1.0":
  "integrity" "sha512-ojmeN0qd+y0jszEtoY48r0Peq5dwMEkIlCOu6Q5f41lfkswXuKtYrhgoTpLnyIcHm24Uhqx+5Tqm2InSwLhE6Q=="
  "resolved" "https://registry.npmjs.org/path-key/-/path-key-3.1.1.tgz"
  "version" "3.1.1"

"pause-stream@0.0.11":
  "integrity" "sha512-e3FBlXLmN/D1S+zHzanP4E/4Z60oFAa3O051qt1pxa7DEJWKAyil6upYVXCWadEnuoqa4Pkc9oUx9zsxYeRv8A=="
  "resolved" "https://registry.npmjs.org/pause-stream/-/pause-stream-0.0.11.tgz"
  "version" "0.0.11"
  dependencies:
    "through" "~2.3"

"ps-tree@^1.2.0":
  "integrity" "sha512-0VnamPPYHl4uaU/nSFeZZpR21QAWRz+sRv4iW9+v/GS/J5U5iZB5BNN6J0RMoOvdx2gWM2+ZFMIm58q24e4UYA=="
  "resolved" "https://registry.npmjs.org/ps-tree/-/ps-tree-1.2.0.tgz"
  "version" "1.2.0"
  dependencies:
    "event-stream" "=3.3.4"

"shebang-command@^2.0.0":
  "integrity" "sha512-kHxr2zZpYtdmrN1qDjrrX/Z1rR1kG8Dx+gkpK1G4eXmvXswmcE1hTWBWYUzlraYw1/yZp6YuDY77YtvbN0dmDA=="
  "resolved" "https://registry.npmjs.org/shebang-command/-/shebang-command-2.0.0.tgz"
  "version" "2.0.0"
  dependencies:
    "shebang-regex" "^3.0.0"

"shebang-regex@^3.0.0":
  "integrity" "sha512-7++dFhtcx3353uBaq8DDR4NuxBetBzC7ZQOhmTQInHEd6bSrXdiEyzCvG07Z44UYdLShWUyXt5M/yhz8ekcb1A=="
  "resolved" "https://registry.npmjs.org/shebang-regex/-/shebang-regex-3.0.0.tgz"
  "version" "3.0.0"

"split@0.3":
  "integrity" "sha512-wD2AeVmxXRBoX44wAycgjVpMhvbwdI2aZjCkvfNcH1YqHQvJVa1duWc73OyVGJUc05fhFaTZeQ/PYsrmyH0JVA=="
  "resolved" "https://registry.npmjs.org/split/-/split-0.3.3.tgz"
  "version" "0.3.3"
  dependencies:
    "through" "2"

"stream-combiner@~0.0.4":
  "integrity" "sha512-rT00SPnTVyRsaSz5zgSPma/aHSOic5U1prhYdRy5HS2kTZviFpmDgzilbtsJsxiroqACmayynDN/9VzIbX5DOw=="
  "resolved" "https://registry.npmjs.org/stream-combiner/-/stream-combiner-0.0.4.tgz"
  "version" "0.0.4"
  dependencies:
    "duplexer" "~0.1.1"

"string-argv@^0.3.1":
  "integrity" "sha512-aqD2Q0144Z+/RqG52NeHEkZauTAUWJO8c6yTftGJKO3Tja5tUgIfmIl6kExvhtxSDP7fXB6DvzkfMpCd/F3G+Q=="
  "resolved" "https://registry.npmjs.org/string-argv/-/string-argv-0.3.2.tgz"
  "version" "0.3.2"

"through@~2.3", "through@~2.3.1", "through@2":
  "integrity" "sha512-w89qg7PI8wAdvX60bMDP+bFoD5Dvhm9oLheFp5O4a2QF0cSBGsBX4qZmadPMvVqlLJBBci+WqGGOAPvcDeNSVg=="
  "resolved" "https://registry.npmjs.org/through/-/through-2.3.8.tgz"
  "version" "2.3.8"

"tsc-watch@^6.0.4":
  "integrity" "sha512-cHvbvhjO86w2aGlaHgSCeQRl+Aqw6X6XN4sQMPZKF88GoP30O+oTuh5lRIJr5pgFWrRpF1AgXnJJ2DoFEIPHyg=="
  "resolved" "https://registry.npmjs.org/tsc-watch/-/tsc-watch-6.0.4.tgz"
  "version" "6.0.4"
  dependencies:
    "cross-spawn" "^7.0.3"
    "node-cleanup" "^2.1.2"
    "ps-tree" "^1.2.0"
    "string-argv" "^0.3.1"

"typescript@*", "typescript@^5.3.3":
  "integrity" "sha512-pXWcraxM0uxAS+tN0AG/BF2TyqmHO014Z070UsJ+pFvYuRSq8KH8DmWpnbXe0pEPDHXZV3FcAbJkijJ5oNEnWw=="
  "resolved" "https://registry.npmjs.org/typescript/-/typescript-5.3.3.tgz"
  "version" "5.3.3"

"undici-types@~5.26.4":
  "integrity" "sha512-JlCMO+ehdEIKqlFxk6IfVoAUVmgz7cU7zD/h9XZ0qzeosSHmUJVOzSQvvYSYWXkFXC+IfLKSIffhv0sVZup6pA=="
  "resolved" "https://registry.npmjs.org/undici-types/-/undici-types-5.26.5.tgz"
  "version" "5.26.5"

"which@^2.0.1":
  "integrity" "sha512-BLI3Tl1TW3Pvl70l3yq3Y64i+awpwXqsGBYWkkqMtnbXgrMD+yj7rhW0kuEDxzJaYXGjEW5ogapKNMEKNMjibA=="
  "resolved" "https://registry.npmjs.org/which/-/which-2.0.2.tgz"
  "version" "2.0.2"
  dependencies:
    "isexe" "^2.0.0"
